{
  "name": "building",
  "version": "1.0.0",
  "lockfileVersion": 1,
  "requires": true,
  "dependencies": {
    "@ethersproject/bytes": {
      "version": "5.4.0",
      "resolved": "https://registry.npmjs.org/@ethersproject/bytes/-/bytes-5.4.0.tgz",
      "integrity": "sha512-H60ceqgTHbhzOj4uRc/83SCN9d+BSUnOkrr2intevqdtEMO1JFVZ1XL84OEZV+QjV36OaZYxtnt4lGmxcGsPfA==",
      "requires": {
        "@ethersproject/logger": "^5.4.0"
      }
    },
    "@ethersproject/keccak256": {
      "version": "5.4.0",
      "resolved": "https://registry.npmjs.org/@ethersproject/keccak256/-/keccak256-5.4.0.tgz",
      "integrity": "sha512-FBI1plWet+[REDACTED]2VbfnQikyC/A==",
      "requires": {
        "@ethersproject/bytes": "^5.4.0",
        "js-sha3": "0.5.7"
      }
    },
    "@ethersproject/logger": {
      "version": "5.4.1",
      "resolved": "https://registry.npmjs.org/@ethersproject/logger/-/logger-5.4.1.tgz",
      "integrity": "sha512-DZ+bRinnYLPw1yAC64oRl0QyVZj43QeHIhVKfD/+YwSz4wsv1pfwb5SOFjz+r710YEWzU6LrhuSjpSO+6PeE4A=="
    },
    "http": {
      "version": "0.0.1-security",
      "resolved": "https://registry.npmjs.org/http/-/http-0.0.1-security.tgz",
      "integrity": "sha512-RnDvP10Ty9FxqOtPZuxtebw1j4L/WiqNMDtuc1YMH1XQm5TgDRaR1G9u8upL6KD1bXHSp9eSXo/ED+8Q7FAr+g=="
    },
    "https": {
      "version": "1.0.0",
      "resolved": "https://registry.npmjs.org/https/-/https-1.0.0.tgz",
      "integrity": "sha1-PDfHrhqO65ZpBKKtHpdaGUt+06Q="
    },
    "js-sha3": {
      "version": "0.5.7",
      "resolved": "https://registry.npmjs.org/js-sha3/-/js-sha3-0.5.7.tgz",
      "integrity": "sha1-DU/9gALVMzqrr0oj7tL2N0yfKOc="
    }
  }
}
